# This file was autogenerated by Stack.
# You should not edit this file by hand.
# For more information, please see the documentation at:
#   https://docs.haskellstack.org/en/stable/lock_files

packages:
- completed:
    hackage: list-extras-0.4.1.4@sha256:ed748395742238cb0824658a5cb916d3796817eb75fdd6632557ddfcd5429b7e,2394
    pantry-tree:
      size: 527
      sha256: 3887778ba91ac11e94300a82ce0898d9ce80dadcde7994676f3e66e7aee13bb7
  original:
    hackage: list-extras-0.4.1.4
snapshots:
- completed:
    size: 523443
    url: https://raw.githubusercontent.com/commercialhaskell/stackage-snapshots/master/lts/14/0.yaml
    sha256: 283773e7120f5446d961eab35ea95c9af9c24187cc178537bd29273200a05171
  original: lts-14.0
